%{
  "antikythera": {:hex, :antikythera, "0.3.0", "11af1e71c3b291e625ccafd6861a45862416be2a0d9c1711bc9193fa7bd3d441", [:mix], [{:bbmustache, "1.0.4", [hex: :bbmustache, repo: "hexpm", optional: false]}, {:calliope, "0.4.1", [hex: :calliope, repo: "hexpm", optional: false]}, {:certifi, "2.4.2", [hex: :certifi, repo: "hexpm", optional: false]}, {:cf, "0.2.2", [hex: :cf, repo: "hexpm", optional: false]}, {:cowboy, "2.6.3", [hex: :cowboy, repo: "hexpm", optional: false]}, {:cowlib, "2.7.3", [hex: :cowlib, repo: "hexpm", optional: false]}, {:croma, "0.10.2", [hex: :croma, repo: "hexpm", optional: false]}, {:erlware_commons, "1.0.0", [hex: :erlware_commons, repo: "hexpm", optional: false]}, {:fast_xml, "1.1.34", [hex: :fast_xml, repo: "hexpm", optional: false]}, {:foretoken, "0.3.0", [hex: :foretoken, repo: "hexpm", optional: false]}, {:getopt, "0.8.2", [hex: :getopt, repo: "hexpm", optional: false]}, {:gettext, "0.17.0", [hex: :gettext, repo: "hexpm", optional: false]}, {:hackney, "1.14.3", [hex: :hackney, repo: "hexpm", optional: false]}, {:idna, "6.0.0", [hex: :idna, repo: "hexpm", optional: false]}, {:jason, "1.1.2", [hex: :jason, repo: "hexpm", optional: false]}, {:metrics, "1.0.1", [hex: :metrics, repo: "hexpm", optional: false]}, {:mimerl, "1.0.2", [hex: :mimerl, repo: "hexpm", optional: false]}, {:p1_utils, "1.0.13", [hex: :p1_utils, repo: "hexpm", optional: false]}, {:parse_trans, "3.3.0", [hex: :parse_trans, repo: "hexpm", optional: false]}, {:pbkdf2, "2.0.0", [hex: :pbkdf2, repo: "hexpm", optional: false]}, {:poison, "2.2.0", [hex: :poison, repo: "hexpm", optional: false]}, {:pool_sup, "0.6.1", [hex: :pool_sup, repo: "hexpm", optional: false]}, {:providers, "1.6.0", [hex: :providers, repo: "hexpm", optional: false]}, {:raft_fleet, "0.10.0", [hex: :raft_fleet, repo: "hexpm", optional: false]}, {:rafted_value, "0.11.1", [hex: :rafted_value, repo: "hexpm", optional: false]}, {:ranch, "1.7.1", [hex: :ranch, repo: "hexpm", optional: false]}, {:recon, "2.5.0", [hex: :recon, repo: "hexpm", optional: false]}, {:relx, "3.23.1", [hex: :relx, repo: "hexpm", optional: false]}, {:ssl_verify_fun, "1.1.4", [hex: :ssl_verify_fun, repo: "hexpm", optional: false]}, {:syn, "1.6.3", [hex: :syn, repo: "hexpm", optional: false]}, {:unicode_util_compat, "0.4.1", [hex: :unicode_util_compat, repo: "hexpm", optional: false]}], "hexpm", "6a01293908f7a9b5134dd73cbb0ee4c618076ca4a5ff2652ec33c65ce981ee92"},
  "bbmustache": {:hex, :bbmustache, "1.0.4", "7ba94f971c5afd7b6617918a4bb74705e36cab36eb84b19b6a1b7ee06427aa38", [:rebar], [], "hexpm", "03b0d47db66e86df993896dce7578d7e4aae5f84636809b45fa8a3e34ee59b12"},
  "bunt": {:hex, :bunt, "0.2.0", "951c6e801e8b1d2cbe58ebbd3e616a869061ddadcc4863d0a2182541acae9a38", [:mix], [], "hexpm", "7af5c7e09fe1d40f76c8e4f9dd2be7cebd83909f31fee7cd0e9eadc567da8353"},
  "calliope": {:hex, :calliope, "0.4.1", "8b7034343d247199bcf267a6e07ea296dc99ac1e90413c197114c8df0fa0b436", [:mix], [], "hexpm", "ad5390a7f7e26e05ddafda8ca978b1825abc8077a2a57926804187d4399e297a"},
  "certifi": {:hex, :certifi, "2.4.2", "75424ff0f3baaccfd34b1214184b6ef616d89e420b258bb0a5ea7d7bc628f7f0", [:rebar3], [{:parse_trans, "~>3.3", [hex: :parse_trans, repo: "hexpm", optional: false]}], "hexpm", "01d479edba0569a7b7a2c8bf923feeb6dc6a358edc2965ef69aea9ba288bb243"},
  "cf": {:hex, :cf, "0.2.2", "7f2913fff90abcabd0f489896cfeb0b0674f6c8df6c10b17a83175448029896c", [:rebar3], [], "hexpm", "48283b3019bc7fad56e7b23028a5da4d3e6cd598a553ab2a99a2153bf5f19b21"},
  "cowboy": {:hex, :cowboy, "2.6.3", "99aa50e94e685557cad82e704457336a453d4abcb77839ad22dbe71f311fcc06", [:rebar3], [{:cowlib, "~> 2.7.3", [hex: :cowlib, repo: "hexpm", optional: false]}, {:ranch, "~> 1.7.1", [hex: :ranch, repo: "hexpm", optional: false]}], "hexpm", "e5580029080f3f1ad17436fb97b0d5ed2ed4e4815a96bac36b5a992e20f58db6"},
  "cowlib": {:hex, :cowlib, "2.7.3", "a7ffcd0917e6d50b4d5fb28e9e2085a0ceb3c97dea310505f7460ff5ed764ce9", [:rebar3], [], "hexpm", "1e1a3d176d52daebbecbbcdfd27c27726076567905c2a9d7398c54da9d225761"},
  "credo": {:hex, :credo, "1.2.3", "fbd11a840e45dc42e650401e16acd2a39dde080240b974e146cc65e81ada1cd3", [:mix], [{:bunt, "~> 0.2.0", [hex: :bunt, repo: "hexpm", optional: false]}, {:jason, "~> 1.0", [hex: :jason, repo: "hexpm", optional: false]}], "hexpm", "3c07d51ff43748bb959752ede70e40557cdcb7d61615e47ae1e9e108e0b1ceec"},
  "croma": {:hex, :croma, "0.10.2", "9222b735bee00b94ad3cfd6db3addff81642e7e5bf98b3348a9287609cab4d91", [:mix], [], "hexpm", "b070debb42810e56dd8aa79988b390d79b0bb7912a9b0b0ad8cb6fde48d0b00d"},
  "dialyxir": {:hex, :dialyxir, "0.5.1", "b331b091720fd93e878137add264bac4f644e1ddae07a70bf7062c7862c4b952", [:mix], [], "hexpm", "6c32a70ed5d452c6650916555b1f96c79af5fc4bf286997f8b15f213de786f73"},
  "earmark": {:hex, :earmark, "1.4.0", "397e750b879df18198afc66505ca87ecf6a96645545585899f6185178433cc09", [:mix], [], "hexpm", "4bedcec35de03b5f559fd2386be24d08f7637c374d3a85d3fe0911eecdae838a"},
  "erlware_commons": {:hex, :erlware_commons, "1.0.0", "087467de5833c0bb5b3ccdd387f9e9c1fb816a75b7a709629bf24b5ed3246c51", [:rebar3], [{:cf, "0.2.2", [hex: :cf, repo: "hexpm", optional: false]}], "hexpm", "a77f1beb3e4a0501c7b8bf3db646f88a718c0ad822f96679eb348529f3827772"},
  "ex_doc": {:hex, :ex_doc, "0.21.2", "caca5bc28ed7b3bdc0b662f8afe2bee1eedb5c3cf7b322feeeb7c6ebbde089d6", [:mix], [{:earmark, "~> 1.3.3 or ~> 1.4", [hex: :earmark, repo: "hexpm", optional: false]}, {:makeup_elixir, "~> 0.14", [hex: :makeup_elixir, repo: "hexpm", optional: false]}], "hexpm", "f1155337ae17ff7a1255217b4c1ceefcd1860b7ceb1a1874031e7a861b052e39"},
  "fast_xml": {:hex, :fast_xml, "1.1.34", "d76fc639d3607a44c4f0fb2dfdee1067b6c37b02b39706d8f067cb77eb2f6016", [:rebar3], [{:p1_utils, "1.0.13", [hex: :p1_utils, repo: "hexpm", optional: false]}], "hexpm", "5d622ee9c61bc05a4f642304339685a45681a12dfe52191746548196ca8113a6"},
  "file_system": {:hex, :file_system, "0.2.10", "fb082005a9cd1711c05b5248710f8826b02d7d1784e7c3451f9c1231d4fc162d", [:mix], [], "hexpm", "41195edbfb562a593726eda3b3e8b103a309b733ad25f3d642ba49696bf715dc"},
  "foretoken": {:hex, :foretoken, "0.3.0", "4305a2ee94886d9199ecc36dd2e5cef75795195b9b65c22e85ed656eea03f4ba", [:mix], [{:croma, "~> 0.9", [hex: :croma, repo: "hexpm", optional: false]}], "hexpm", "0f116db3af5998554d04bb5fcf24ada61fb5c874f5525e5b73647a984be6a265"},
  "getopt": {:hex, :getopt, "0.8.2", "b17556db683000ba50370b16c0619df1337e7af7ecbf7d64fbf8d1d6bce3109b", [:rebar3], [], "hexpm", "736e6db3679fbbad46373efb96b69509f8e420281635e9d92989af9f0a0483f7"},
  "gettext": {:hex, :gettext, "0.17.0", "abe21542c831887a2b16f4c94556db9c421ab301aee417b7c4fbde7fbdbe01ec", [:mix], [], "hexpm", "e0b8598e802676c81e66b061a2148c37c03886b24a3ca86a1f98ed40693b94b3"},
  "hackney": {:hex, :hackney, "1.14.3", "b5f6f5dcc4f1fba340762738759209e21914516df6be440d85772542d4a5e412", [:rebar3], [{:certifi, "2.4.2", [hex: :certifi, repo: "hexpm", optional: false]}, {:idna, "6.0.0", [hex: :idna, repo: "hexpm", optional: false]}, {:metrics, "1.0.1", [hex: :metrics, repo: "hexpm", optional: false]}, {:mimerl, "1.0.2", [hex: :mimerl, repo: "hexpm", optional: false]}, {:ssl_verify_fun, "1.1.4", [hex: :ssl_verify_fun, repo: "hexpm", optional: false]}], "hexpm", "ed15491f324aa0e95647dca8ef4340418dac479d1204d57e455d52dcfba3f705"},
  "idna": {:hex, :idna, "6.0.0", "689c46cbcdf3524c44d5f3dde8001f364cd7608a99556d8fbd8239a5798d4c10", [:rebar3], [{:unicode_util_compat, "0.4.1", [hex: :unicode_util_compat, repo: "hexpm", optional: false]}], "hexpm", "4bdd305eb64e18b0273864920695cb18d7a2021f31a11b9c5fbcd9a253f936e2"},
  "jason": {:hex, :jason, "1.1.2", "b03dedea67a99223a2eaf9f1264ce37154564de899fd3d8b9a21b1a6fd64afe7", [:mix], [{:decimal, "~> 1.0", [hex: :decimal, repo: "hexpm", optional: true]}], "hexpm", "fdf843bca858203ae1de16da2ee206f53416bbda5dc8c9e78f43243de4bc3afe"},
  "makeup": {:hex, :makeup, "1.0.0", "671df94cf5a594b739ce03b0d0316aa64312cee2574b6a44becb83cd90fb05dc", [:mix], [{:nimble_parsec, "~> 0.5.0", [hex: :nimble_parsec, repo: "hexpm", optional: false]}], "hexpm", "a10c6eb62cca416019663129699769f0c2ccf39428b3bb3c0cb38c718a0c186d"},
  "makeup_elixir": {:hex, :makeup_elixir, "0.14.0", "cf8b7c66ad1cff4c14679698d532f0b5d45a3968ffbcbfd590339cb57742f1ae", [:mix], [{:makeup, "~> 1.0", [hex: :makeup, repo: "hexpm", optional: false]}], "hexpm", "d4b316c7222a85bbaa2fd7c6e90e37e953257ad196dc229505137c5e505e9eff"},
  "meck": {:hex, :meck, "0.8.13", "ffedb39f99b0b99703b8601c6f17c7f76313ee12de6b646e671e3188401f7866", [:rebar3], [], "hexpm", "d34f013c156db51ad57cc556891b9720e6a1c1df5fe2e15af999c84d6cebeb1a"},
  "metrics": {:hex, :metrics, "1.0.1", "25f094dea2cda98213cecc3aeff09e940299d950904393b2a29d191c346a8486", [:rebar3], [], "hexpm", "69b09adddc4f74a40716ae54d140f93beb0fb8978d8636eaded0c31b6f099f16"},
  "mimerl": {:hex, :mimerl, "1.0.2", "993f9b0e084083405ed8252b99460c4f0563e41729ab42d9074fd5e52439be88", [:rebar3], [], "hexpm", "7a4c8e1115a2732a67d7624e28cf6c9f30c66711a9e92928e745c255887ba465"},
  "nimble_parsec": {:hex, :nimble_parsec, "0.5.1", "c90796ecee0289dbb5ad16d3ad06f957b0cd1199769641c961cfe0b97db190e0", [:mix], [], "hexpm", "00e3ebdc821fb3a36957320d49e8f4bfa310d73ea31c90e5f925dc75e030da8f"},
  "p1_utils": {:hex, :p1_utils, "1.0.13", "176577cafb54a8c2fdc0a7fc62b9a21ab0f66588f4062792cd9e65f3e500bfdb", [:rebar3], [], "hexpm", "68a081f69b478bc309a857f45957ab5c921da5d4ebd755520b983a5626230a3e"},
  "parse_trans": {:hex, :parse_trans, "3.3.0", "09765507a3c7590a784615cfd421d101aec25098d50b89d7aa1d66646bc571c1", [:rebar3], [], "hexpm", "17ef63abde837ad30680ea7f857dd9e7ced9476cdd7b0394432af4bfc241b960"},
  "pbkdf2": {:hex, :pbkdf2, "2.0.0", "11c23279fded5c0027ab3996cfae77805521d7ef4babde2bd7ec04a9086cf499", [:rebar3], [], "hexpm", "1e793ce6fdb0576613115714deae9dfc1d1537eaba74f07efb36de139774488d"},
  "poison": {:hex, :poison, "2.2.0", "4763b69a8a77bd77d26f477d196428b741261a761257ff1cf92753a0d4d24a63", [:mix], [], "hexpm", "519bc209e4433961284174c497c8524c001e285b79bdf80212b47a1f898084cc"},
  "pool_sup": {:hex, :pool_sup, "0.6.1", "8e6951e0887e9381f2701775024a9170bb27670befc9189ab6b9ddcf603a6422", [:mix], [{:croma, "~> 0.9", [hex: :croma, repo: "hexpm", optional: false]}], "hexpm", "c78e7babbe69847e22b105730dcd0cc4f1d0553745444b07d2187d7679862b78"},
  "providers": {:hex, :providers, "1.6.0", "db0e2f9043ae60c0155205fcd238d68516331d0e5146155e33d1e79dc452964a", [:rebar3], [{:getopt, "0.8.2", [hex: :getopt, repo: "hexpm", optional: false]}], "hexpm", "0f6876529a613d34224de8c61d3660388eb981142360f2699486d8536050ce2f"},
  "raft_fleet": {:hex, :raft_fleet, "0.10.0", "ab33d67e01e008be305cdda028907391feedc94b6abe8309029e40e1720c9a70", [:mix], [{:croma, "~> 0.10", [hex: :croma, repo: "hexpm", optional: false]}, {:rafted_value, "~> 0.9", [hex: :rafted_value, repo: "hexpm", optional: false]}], "hexpm", "b3a535dfee9f4fd2c49b527f65427771d5c4ba3b5699cd82aea22b99a255618d"},
  "rafted_value": {:hex, :rafted_value, "0.11.1", "8f220e12a6191ea13a40a4e89ad98bc58dce17f0ed59dba47945b8c4aba0d032", [:mix], [{:croma, "~> 0.9", [hex: :croma, repo: "hexpm", optional: false]}], "hexpm", "22ba5d412217a3e1299c9924f5099f0ab2778e5195702e2328b3f89299153176"},
  "ranch": {:hex, :ranch, "1.7.1", "6b1fab51b49196860b733a49c07604465a47bdb78aa10c1c16a3d199f7f8c881", [:rebar3], [], "hexpm", "451d8527787df716d99dc36162fca05934915db0b6141bbdac2ea8d3c7afc7d7"},
  "recon": {:hex, :recon, "2.5.0", "2f7fcbec2c35034bade2f9717f77059dc54eb4e929a3049ca7ba6775c0bd66cd", [:mix, :rebar3], [], "hexpm", "72f3840fedd94f06315c523f6cecf5b4827233bed7ae3fe135b2a0ebeab5e196"},
  "relx": {:hex, :relx, "3.23.1", "8af4433934d9bb664e8282d2e45ac5deaff44859ddaabbe50cd7d885581cd24d", [:rebar3], [{:bbmustache, "1.0.4", [hex: :bbmustache, repo: "hexpm", optional: false]}, {:cf, "0.2.2", [hex: :cf, repo: "hexpm", optional: false]}, {:erlware_commons, "1.0.0", [hex: :erlware_commons, repo: "hexpm", optional: false]}, {:getopt, "0.8.2", [hex: :getopt, repo: "hexpm", optional: false]}, {:providers, "1.6.0", [hex: :providers, repo: "hexpm", optional: false]}], "hexpm", "2d29d0a80c3afb8fa91ef5256a2ce48ffb0f39fcc3f39bf2d8689d2674e3478e"},
  "ssl_verify_fun": {:hex, :ssl_verify_fun, "1.1.4", "f0eafff810d2041e93f915ef59899c923f4568f4585904d010387ed74988e77b", [:make, :mix, :rebar3], [], "hexpm", "603561dc0fd62f4f2ea9b890f4e20e1a0d388746d6e20557cafb1b16950de88c"},
  "syn": {:hex, :syn, "1.6.3", "e3400a6286a7c44ed0a0293d0e83a1f44aa9b1a9ec2c8d54eee2cd1f4ff2f94e", [:rebar3], [], "hexpm", "5fd3d8b9b7edbf5d386a80ee2544234f807918c3437a47fd0a40ed7cd8b16275"},
  "unicode_util_compat": {:hex, :unicode_util_compat, "0.4.1", "d869e4c68901dd9531385bb0c8c40444ebf624e60b6962d95952775cac5e90cd", [:rebar3], [], "hexpm", "1d1848c40487cdb0b30e8ed975e34e025860c02e419cb615d255849f3427439d"},
}
