%{
  "antikythera": {:hex, :antikythera, "0.2.0", "e65e384792430aed94ae95eaa058e2c388ac46388a159d616a8e6f9ecbf67998", [:mix], [{:bbmustache, "1.0.4", [hex: :bbmustache, repo: "hexpm", optional: false]}, {:calliope, "0.4.1", [hex: :calliope, repo: "hexpm", optional: false]}, {:certifi, "2.0.0", [hex: :certifi, repo: "hexpm", optional: false]}, {:cf, "0.2.2", [hex: :cf, repo: "hexpm", optional: false]}, {:cowboy, "2.2.2", [hex: :cowboy, repo: "hexpm", optional: false]}, {:cowlib, "2.1.0", [hex: :cowlib, repo: "hexpm", optional: false]}, {:croma, "0.9.3", [hex: :croma, repo: "hexpm", optional: false]}, {:erlware_commons, "1.0.0", [hex: :erlware_commons, repo: "hexpm", optional: false]}, {:fast_xml, "1.1.29", [hex: :fast_xml, repo: "hexpm", optional: false]}, {:foretoken, "0.1.1", [hex: :foretoken, repo: "hexpm", optional: false]}, {:getopt, "0.8.2", [hex: :getopt, repo: "hexpm", optional: false]}, {:gettext, "0.15.0", [hex: :gettext, repo: "hexpm", optional: false]}, {:hackney, "1.9.0", [hex: :hackney, repo: "hexpm", optional: false]}, {:idna, "5.1.0", [hex: :idna, repo: "hexpm", optional: false]}, {:metrics, "1.0.1", [hex: :metrics, repo: "hexpm", optional: false]}, {:mimerl, "1.0.2", [hex: :mimerl, repo: "hexpm", optional: false]}, {:p1_utils, "1.0.11", [hex: :p1_utils, repo: "hexpm", optional: false]}, {:pbkdf2, "2.0.0", [hex: :pbkdf2, repo: "hexpm", optional: false]}, {:poison, "2.2.0", [hex: :poison, repo: "hexpm", optional: false]}, {:pool_sup, "0.4.0", [hex: :pool_sup, repo: "hexpm", optional: false]}, {:providers, "1.6.0", [hex: :providers, repo: "hexpm", optional: false]}, {:raft_fleet, "0.8.2", [hex: :raft_fleet, repo: "hexpm", optional: false]}, {:rafted_value, "0.9.2", [hex: :rafted_value, repo: "hexpm", optional: false]}, {:ranch, "1.4.0", [hex: :ranch, repo: "hexpm", optional: false]}, {:recon, "2.3.5", [hex: :recon, repo: "hexpm", optional: false]}, {:relx, "3.23.1", [hex: :relx, repo: "hexpm", optional: false]}, {:ssl_verify_fun, "1.1.1", [hex: :ssl_verify_fun, repo: "hexpm", optional: false]}, {:syn, "1.6.3", [hex: :syn, repo: "hexpm", optional: false]}, {:unicode_util_compat, "0.3.1", [hex: :unicode_util_compat, repo: "hexpm", optional: false]}], "hexpm"},
  "bbmustache": {:hex, :bbmustache, "1.0.4", "7ba94f971c5afd7b6617918a4bb74705e36cab36eb84b19b6a1b7ee06427aa38", [:rebar], [], "hexpm"},
  "bunt": {:hex, :bunt, "0.2.0", "951c6e801e8b1d2cbe58ebbd3e616a869061ddadcc4863d0a2182541acae9a38", [:mix], [], "hexpm"},
  "calliope": {:hex, :calliope, "0.4.1", "8b7034343d247199bcf267a6e07ea296dc99ac1e90413c197114c8df0fa0b436", [:mix], [], "hexpm"},
  "certifi": {:hex, :certifi, "2.0.0", "a0c0e475107135f76b8c1d5bc7efb33cd3815cb3cf3dea7aefdd174dabead064", [:rebar3], [], "hexpm"},
  "cf": {:hex, :cf, "0.2.2", "7f2913fff90abcabd0f489896cfeb0b0674f6c8df6c10b17a83175448029896c", [:rebar3], [], "hexpm"},
  "cowboy": {:hex, :cowboy, "2.2.2", "6cde634da1da8b1d17dd2b20f5f6f91ab8ac7fa1b5106d13dad63c905ab76004", [:rebar3], [{:cowlib, "~> 2.1.0", [hex: :cowlib, repo: "hexpm", optional: false]}, {:ranch, "~> 1.4.0", [hex: :ranch, repo: "hexpm", optional: false]}], "hexpm"},
  "cowlib": {:hex, :cowlib, "2.1.0", "f73658b93dd043af40400c3e4fd997068ebd0c617f8c8f4cd003a1a78ebf94f5", [:rebar3], [], "hexpm"},
  "credo": {:hex, :credo, "0.10.0", "66234a95effaf9067edb19fc5d0cd5c6b461ad841baac42467afed96c78e5e9e", [:mix], [{:bunt, "~> 0.2.0", [hex: :bunt, repo: "hexpm", optional: false]}, {:jason, "~> 1.0", [hex: :jason, repo: "hexpm", optional: false]}], "hexpm"},
  "croma": {:hex, :croma, "0.9.3", "bb7740a2766e818a01a684935215bdb0e7c829752d3a20113dcd2d07a838eed3", [:mix], [], "hexpm"},
  "dialyxir": {:hex, :dialyxir, "0.5.1", "b331b091720fd93e878137add264bac4f644e1ddae07a70bf7062c7862c4b952", [:mix], [], "hexpm"},
  "earmark": {:hex, :earmark, "1.2.5", "4d21980d5d2862a2e13ec3c49ad9ad783ffc7ca5769cf6ff891a4553fbaae761", [:mix], [], "hexpm"},
  "erlware_commons": {:hex, :erlware_commons, "1.0.0", "087467de5833c0bb5b3ccdd387f9e9c1fb816a75b7a709629bf24b5ed3246c51", [:rebar3], [{:cf, "0.2.2", [hex: :cf, repo: "hexpm", optional: false]}], "hexpm"},
  "ex_doc": {:hex, :ex_doc, "0.19.0", "e22b6434373b4870ea77b24df069dbac7002c1f483615e9ebfc0c37497e1c75c", [:mix], [{:earmark, "~> 1.1", [hex: :earmark, repo: "hexpm", optional: false]}, {:makeup_elixir, "~> 0.7", [hex: :makeup_elixir, repo: "hexpm", optional: false]}], "hexpm"},
  "fast_xml": {:hex, :fast_xml, "1.1.29", "c6356d28f0f76ffefc68b5eb65916f0b8ca513bab71db8ad95bd8577c47e30e2", [:rebar3], [{:p1_utils, "1.0.11", [hex: :p1_utils, repo: "hexpm", optional: false]}], "hexpm"},
  "foretoken": {:hex, :foretoken, "0.1.1", "500552b8ddf51c92b5ea56f70ac6f0a90d9cb3758eba50b4f259eb88f23ae6bc", [:mix], [{:croma, "~> 0.9", [hex: :croma, repo: "hexpm", optional: false]}], "hexpm"},
  "getopt": {:hex, :getopt, "0.8.2", "b17556db683000ba50370b16c0619df1337e7af7ecbf7d64fbf8d1d6bce3109b", [:rebar], [], "hexpm"},
  "gettext": {:hex, :gettext, "0.15.0", "40a2b8ce33a80ced7727e36768499fc9286881c43ebafccae6bab731e2b2b8ce", [:mix], [], "hexpm"},
  "hackney": {:hex, :hackney, "1.9.0", "51c506afc0a365868469dcfc79a9d0b94d896ec741cfd5bd338f49a5ec515bfe", [:rebar3], [{:certifi, "2.0.0", [hex: :certifi, repo: "hexpm", optional: false]}, {:idna, "5.1.0", [hex: :idna, repo: "hexpm", optional: false]}, {:metrics, "1.0.1", [hex: :metrics, repo: "hexpm", optional: false]}, {:mimerl, "1.0.2", [hex: :mimerl, repo: "hexpm", optional: false]}, {:ssl_verify_fun, "1.1.1", [hex: :ssl_verify_fun, repo: "hexpm", optional: false]}], "hexpm"},
  "idna": {:hex, :idna, "5.1.0", "d72b4effeb324ad5da3cab1767cb16b17939004e789d8c0ad5b70f3cea20c89a", [:rebar3], [{:unicode_util_compat, "0.3.1", [hex: :unicode_util_compat, repo: "hexpm", optional: false]}], "hexpm"},
  "jason": {:hex, :jason, "1.1.1", "d3ccb840dfb06f2f90a6d335b536dd074db748b3e7f5b11ab61d239506585eb2", [:mix], [{:decimal, "~> 1.0", [hex: :decimal, repo: "hexpm", optional: true]}], "hexpm"},
  "makeup": {:hex, :makeup, "0.5.1", "966c5c2296da272d42f1de178c1d135e432662eca795d6dc12e5e8787514edf7", [:mix], [{:nimble_parsec, "~> 0.2.2", [hex: :nimble_parsec, repo: "hexpm", optional: false]}], "hexpm"},
  "makeup_elixir": {:hex, :makeup_elixir, "0.8.0", "1204a2f5b4f181775a0e456154830524cf2207cf4f9112215c05e0b76e4eca8b", [:mix], [{:makeup, "~> 0.5.0", [hex: :makeup, repo: "hexpm", optional: false]}, {:nimble_parsec, "~> 0.2.2", [hex: :nimble_parsec, repo: "hexpm", optional: false]}], "hexpm"},
  "meck": {:hex, :meck, "0.8.11", "2c39e15ec87d847da6cf69b4a1c4af3fd850ae2a272e719e0e8751a7fe54771f", [:rebar3], [], "hexpm"},
  "metrics": {:hex, :metrics, "1.0.1", "25f094dea2cda98213cecc3aeff09e940299d950904393b2a29d191c346a8486", [:rebar3], [], "hexpm"},
  "mimerl": {:hex, :mimerl, "1.0.2", "993f9b0e084083405ed8252b99460c4f0563e41729ab42d9074fd5e52439be88", [:rebar3], [], "hexpm"},
  "nimble_parsec": {:hex, :nimble_parsec, "0.2.2", "d526b23bdceb04c7ad15b33c57c4526bf5f50aaa70c7c141b4b4624555c68259", [:mix], [], "hexpm"},
  "p1_utils": {:hex, :p1_utils, "1.0.11", "a471f80644d4b464fa67572affddda7e95df5d4b099624b8907f5726e8a1769c", [:rebar3], [], "hexpm"},
  "pbkdf2": {:hex, :pbkdf2, "2.0.0", "11c23279fded5c0027ab3996cfae77805521d7ef4babde2bd7ec04a9086cf499", [:rebar3], [], "hexpm"},
  "poison": {:hex, :poison, "2.2.0", "4763b69a8a77bd77d26f477d196428b741261a761257ff1cf92753a0d4d24a63", [:mix], [], "hexpm"},
  "pool_sup": {:hex, :pool_sup, "0.4.0", "c3e62f796600aadbd7306f95bb90479660063446c7e7cc75232d9c106f687bed", [:mix], [{:croma, "~> 0.7", [hex: :croma, repo: "hexpm", optional: false]}], "hexpm"},
  "providers": {:hex, :providers, "1.6.0", "db0e2f9043ae60c0155205fcd238d68516331d0e5146155e33d1e79dc452964a", [:rebar3], [{:getopt, "0.8.2", [hex: :getopt, repo: "hexpm", optional: false]}], "hexpm"},
  "raft_fleet": {:hex, :raft_fleet, "0.8.2", "4c7fc54c36979aad224f00bd4fed3283cd02230e1849746863800dfb5db69f4b", [:mix], [{:croma, "~> 0.7", [hex: :croma, repo: "hexpm", optional: false]}, {:rafted_value, "~> 0.8", [hex: :rafted_value, repo: "hexpm", optional: false]}], "hexpm"},
  "rafted_value": {:hex, :rafted_value, "0.9.2", "7cbc3b161f5e62a2cd91d32efe83e1431d7c77a8a878b23888f03d57ca30733e", [:mix], [{:croma, "~> 0.7", [hex: :croma, repo: "hexpm", optional: false]}], "hexpm"},
  "ranch": {:hex, :ranch, "1.4.0", "10272f95da79340fa7e8774ba7930b901713d272905d0012b06ca6d994f8826b", [:rebar3], [], "hexpm"},
  "recon": {:hex, :recon, "2.3.5", "5136eb8f8020a440f5f894f1c11e7fa9480315b2e6e398b0e46609cb963e768a", [:rebar3], [], "hexpm"},
  "relx": {:hex, :relx, "3.23.1", "8af4433934d9bb664e8282d2e45ac5deaff44859ddaabbe50cd7d885581cd24d", [:rebar3], [{:bbmustache, "1.0.4", [hex: :bbmustache, repo: "hexpm", optional: false]}, {:cf, "0.2.2", [hex: :cf, repo: "hexpm", optional: false]}, {:erlware_commons, "1.0.0", [hex: :erlware_commons, repo: "hexpm", optional: false]}, {:getopt, "0.8.2", [hex: :getopt, repo: "hexpm", optional: false]}, {:providers, "1.6.0", [hex: :providers, repo: "hexpm", optional: false]}], "hexpm"},
  "ssl_verify_fun": {:hex, :ssl_verify_fun, "1.1.1", "28a4d65b7f59893bc2c7de786dec1e1555bd742d336043fe644ae956c3497fbe", [:make, :rebar], [], "hexpm"},
  "syn": {:hex, :syn, "1.6.3", "e3400a6286a7c44ed0a0293d0e83a1f44aa9b1a9ec2c8d54eee2cd1f4ff2f94e", [:rebar3], [], "hexpm"},
  "unicode_util_compat": {:hex, :unicode_util_compat, "0.3.1", "a1f612a7b512638634a603c8f401892afbf99b8ce93a45041f8aaca99cadb85e", [:rebar3], [], "hexpm"},
}
